Microsoft Visual Studio Solution File, Format Version 12.00
# Visual Studio Version 17
VisualStudioVersion = 17.5.2.0
MinimumVisualStudioVersion = 10.0.40219.1
Project("{FAE04EC0-301F-11D3-BF4B-00C04F79EFBC}") = "JellyfinReporter", "JellyfinReporter.csproj", "{F8E63AE3-7A54-E7C2-070B-746F078EDE99}"
EndProject
Global
	GlobalSection(SolutionConfigurationPlatforms) = preSolution
		Debug|Any CPU = Debug|Any CPU
		Release|Any CPU = Release|Any CPU
	EndGlobalSection
	GlobalSection(ProjectConfigurationPlatforms) = postSolution
		{F8E63AE3-7A54-E7C2-070B-746F078EDE99}.Debug|Any CPU.ActiveCfg = Debug|Any CPU
		{F8E63AE3-7A54-E7C2-070B-746F078EDE99}.Debug|Any CPU.Build.0 = Debug|Any CPU
		{F8E63AE3-7A54-E7C2-070B-746F078EDE99}.Release|Any CPU.ActiveCfg = Release|Any CPU
		{F8E63AE3-7A54-E7C2-070B-746F078EDE99}.Release|Any CPU.Build.0 = Release|Any CPU
	EndGlobalSection
	GlobalSection(SolutionProperties) = preSolution
		HideSolutionNode = FALSE
	EndGlobalSection
	GlobalSection(ExtensibilityGlobals) = postSolution
		SolutionGuid = {9743C769-1DE1-4FE4-BAED-FEFA7F4F118C}
	EndGlobalSection
EndGlobal
